
Microsoft Visual Studio Solution File, Format Version 12.00
# Visual Studio 14
VisualStudioVersion = 14.0.22310.1
MinimumVisualStudioVersion = 10.0.40219.1
Project("{FAE04EC0-301F-11D3-BF4B-00C04F79EFBC}") = "BubbleSortLOL1", "BubbleSortLOL1\BubbleSortLOL1.csproj", "{DFB400AA-1DE5-4DF7-8113-82C030A26950}"
EndProject
Global
	GlobalSection(SolutionConfigurationPlatforms) = preSolution
		Debug|Any CPU = Debug|Any CPU
		Release|Any CPU = Release|Any CPU
	EndGlobalSection
	GlobalSection(ProjectConfigurationPlatforms) = postSolution
		{DFB400AA-1DE5-4DF7-8113-82C030A26950}.Debug|Any CPU.ActiveCfg = Debug|Any CPU
		{DFB400AA-1DE5-4DF7-8113-82C030A26950}.Debug|Any CPU.Build.0 = Debug|Any CPU
		{DFB400AA-1DE5-4DF7-8113-82C030A26950}.Release|Any CPU.ActiveCfg = Release|Any CPU
		{DFB400AA-1DE5-4DF7-8113-82C030A26950}.Release|Any CPU.Build.0 = Release|Any CPU
	EndGlobalSection
	GlobalSection(SolutionProperties) = preSolution
		HideSolutionNode = FALSE
	EndGlobalSection
EndGlobal
